
Microsoft Visual Studio Solution File, Format Version 12.00
# Visual Studio Version 16
VisualStudioVersion = 16.0.31402.337
MinimumVisualStudioVersion = 10.0.40219.1
Project("{FAE04EC0-301F-11D3-BF4B-00C04F79EFBC}") = "Project", "Project.csproj", "{6921F0CF-3CD5-44CE-8B96-D3E255BB03DA}"
EndProject
Global
	GlobalSection(SolutionConfigurationPlatforms) = preSolution
		Debug|Any CPU = Debug|Any CPU
		Release|Any CPU = Release|Any CPU
	EndGlobalSection
	GlobalSection(ProjectConfigurationPlatforms) = postSolution
		{6921F0CF-3CD5-44CE-8B96-D3E255BB03DA}.Debug|Any CPU.ActiveCfg = Debug|Any CPU
		{6921F0CF-3CD5-44CE-8B96-D3E255BB03DA}.Debug|Any CPU.Build.0 = Debug|Any CPU
		{6921F0CF-3CD5-44CE-8B96-D3E255BB03DA}.Release|Any CPU.ActiveCfg = Release|Any CPU
		{6921F0CF-3CD5-44CE-8B96-D3E255BB03DA}.Release|Any CPU.Build.0 = Release|Any CPU
	EndGlobalSection
	GlobalSection(SolutionProperties) = preSolution
		HideSolutionNode = FALSE
	EndGlobalSection
	GlobalSection(ExtensibilityGlobals) = postSolution
		SolutionGuid = {940F0F56-0EF0-482A-A9C8-281D1CDEADFD}
	EndGlobalSection
EndGlobal
